// !$*UTF8*$!
{
	archiveVersion = 1;
	classes = {
	};
	objectVersion = 46;
	objects = {

/* Begin PBXBuildFile section */
		CE2BF9A21E514B0C002CF379 /* RecipeById.swift in Sources */ = {isa = PBXBuildFile; fileRef = CE2BF9A11E514B0C002CF379 /* RecipeById.swift */; };
		CE2BF9A61E515A7D002CF379 /* RecipeDetailsPresenter.swift in Sources */ = {isa = PBXBuildFile; fileRef = CE2BF9A51E515A7D002CF379 /* RecipeDetailsPresenter.swift */; };
		CE2BF9A81E515A9D002CF379 /* RecipeDetailsPresenterInput.swift in Sources */ = {isa = PBXBuildFile; fileRef = CE2BF9A71E515A9D002CF379 /* RecipeDetailsPresenterInput.swift */; };
		CE4047881E515B3A00789F16 /* RecipeDetailsPresenterOutput.swift in Sources */ = {isa = PBXBuildFile; fileRef = CE4047871E515B3A00789F16 /* RecipeDetailsPresenterOutput.swift */; };
		CE40478A1E515EE700789F16 /* RecipeDetailsInteractor.swift in Sources */ = {isa = PBXBuildFile; fileRef = CE4047891E515EE700789F16 /* RecipeDetailsInteractor.swift */; };
		CE40478C1E515F0700789F16 /* RecipeDetailsInteractorInput.swift in Sources */ = {isa = PBXBuildFile; fileRef = CE40478B1E515F0700789F16 /* RecipeDetailsInteractorInput.swift */; };
		CE40478E1E515F3D00789F16 /* RecipeDetailsInteractorOutput.swift in Sources */ = {isa = PBXBuildFile; fileRef = CE40478D1E515F3D00789F16 /* RecipeDetailsInteractorOutput.swift */; };
		CE4047901E5165A100789F16 /* RecipeDetailsViewModel.swift in Sources */ = {isa = PBXBuildFile; fileRef = CE40478F1E5165A100789F16 /* RecipeDetailsViewModel.swift */; };
		CE4047941E517B8A00789F16 /* ConcurrentOperation.swift in Sources */ = {isa = PBXBuildFile; fileRef = CE4047931E517B8A00789F16 /* ConcurrentOperation.swift */; };
		CE4047961E517C1900789F16 /* DataOperation.swift in Sources */ = {isa = PBXBuildFile; fileRef = CE4047951E517C1900789F16 /* DataOperation.swift */; };
		CEE662A11E4D6DBC00C9913A /* AppDelegate.swift in Sources */ = {isa = PBXBuildFile; fileRef = CEE662A01E4D6DBC00C9913A /* AppDelegate.swift */; };
		CEE662A81E4D6DBC00C9913A /* Assets.xcassets in Resources */ = {isa = PBXBuildFile; fileRef = CEE662A71E4D6DBC00C9913A /* Assets.xcassets */; };
		CEE662AB1E4D6DBC00C9913A /* LaunchScreen.storyboard in Resources */ = {isa = PBXBuildFile; fileRef = CEE662A91E4D6DBC00C9913A /* LaunchScreen.storyboard */; };
		CEE662B61E4D6DBC00C9913A /* Mobile_caseTests.swift in Sources */ = {isa = PBXBuildFile; fileRef = CEE662B51E4D6DBC00C9913A /* Mobile_caseTests.swift */; };
		CEE662CA1E4D729D00C9913A /* Navigatable.swift in Sources */ = {isa = PBXBuildFile; fileRef = CEE662C91E4D729D00C9913A /* Navigatable.swift */; };
		CEE662CC1E4D72C000C9913A /* ViewControllerTypeProtocol.swift in Sources */ = {isa = PBXBuildFile; fileRef = CEE662CB1E4D72C000C9913A /* ViewControllerTypeProtocol.swift */; };
		CEE662CF1E4D730000C9913A /* RecipeSearchRouter.swift in Sources */ = {isa = PBXBuildFile; fileRef = CEE662CE1E4D730000C9913A /* RecipeSearchRouter.swift */; };
		CEE662D11E4D73DB00C9913A /* RecipeSearch.storyboard in Resources */ = {isa = PBXBuildFile; fileRef = CEE662D01E4D73DB00C9913A /* RecipeSearch.storyboard */; };
		CEE662D31E4D73FE00C9913A /* RecipeSearchTVC.swift in Sources */ = {isa = PBXBuildFile; fileRef = CEE662D21E4D73FE00C9913A /* RecipeSearchTVC.swift */; };
		CEE662D51E4D744200C9913A /* StroyboardInstantiatable.swift in Sources */ = {isa = PBXBuildFile; fileRef = CEE662D41E4D744200C9913A /* StroyboardInstantiatable.swift */; };
		CEE662D91E4D7B5100C9913A /* RecipeSearchPresenter.swift in Sources */ = {isa = PBXBuildFile; fileRef = CEE662D81E4D7B5100C9913A /* RecipeSearchPresenter.swift */; };
		CEE662DC1E4D7B6500C9913A /* RecipeSearchInteractor.swift in Sources */ = {isa = PBXBuildFile; fileRef = CEE662DB1E4D7B6500C9913A /* RecipeSearchInteractor.swift */; };
		CEE662DE1E4D7BD000C9913A /* RecipeSearchPresenterInput.swift in Sources */ = {isa = PBXBuildFile; fileRef = CEE662DD1E4D7BD000C9913A /* RecipeSearchPresenterInput.swift */; };
		CEE662E11E4D90CD00C9913A /* RecipeSearchInteractorInput.swift in Sources */ = {isa = PBXBuildFile; fileRef = CEE662E01E4D90CD00C9913A /* RecipeSearchInteractorInput.swift */; };
		CEE662E31E4D918600C9913A /* RecipeSearchInteractorOutput.swift in Sources */ = {isa = PBXBuildFile; fileRef = CEE662E21E4D918600C9913A /* RecipeSearchInteractorOutput.swift */; };
		CEE662E71E4D940900C9913A /* URLs.swift in Sources */ = {isa = PBXBuildFile; fileRef = CEE662E61E4D940900C9913A /* URLs.swift */; };
		CEE662E91E4D941200C9913A /* URLProvider.swift in Sources */ = {isa = PBXBuildFile; fileRef = CEE662E81E4D941200C9913A /* URLProvider.swift */; };
		CEE662EB1E4D94E400C9913A /* URLBuilder.swift in Sources */ = {isa = PBXBuildFile; fileRef = CEE662EA1E4D94E400C9913A /* URLBuilder.swift */; };
		CEE662EE1E4D9D7C00C9913A /* NetworkManager.swift in Sources */ = {isa = PBXBuildFile; fileRef = CEE662ED1E4D9D7C00C9913A /* NetworkManager.swift */; };
		CEE662F11E4DA25A00C9913A /* URLSessionMock.swift in Sources */ = {isa = PBXBuildFile; fileRef = CEE662F01E4DA25A00C9913A /* URLSessionMock.swift */; };
		CEE662F31E4DAD6900C9913A /* NetworkError.swift in Sources */ = {isa = PBXBuildFile; fileRef = CEE662F21E4DAD6900C9913A /* NetworkError.swift */; };
		CEE662F51E4DB13B00C9913A /* RecipeService.swift in Sources */ = {isa = PBXBuildFile; fileRef = CEE662F41E4DB13B00C9913A /* RecipeService.swift */; };
		CEE662FC1E50099500C9913A /* Recipe.swift in Sources */ = {isa = PBXBuildFile; fileRef = CEE662FB1E50099500C9913A /* Recipe.swift */; };
		CEE662FE1E500A9700C9913A /* JSONCreatable.swift in Sources */ = {isa = PBXBuildFile; fileRef = CEE662FD1E500A9700C9913A /* JSONCreatable.swift */; };
		CEE663001E500B3300C9913A /* SerializationError.swift in Sources */ = {isa = PBXBuildFile; fileRef = CEE662FF1E500B3300C9913A /* SerializationError.swift */; };
		CEE663041E500D3100C9913A /* Page.swift in Sources */ = {isa = PBXBuildFile; fileRef = CEE663031E500D3100C9913A /* Page.swift */; };
		CEE663061E500E2400C9913A /* Resourse.swift in Sources */ = {isa = PBXBuildFile; fileRef = CEE663051E500E2300C9913A /* Resourse.swift */; };
		CEE663081E5016CE00C9913A /* RecipeSearchPresenterOutput.swift in Sources */ = {isa = PBXBuildFile; fileRef = CEE663071E5016CE00C9913A /* RecipeSearchPresenterOutput.swift */; };
		CEE6630B1E512E1B00C9913A /* RecipeDetailsVC.swift in Sources */ = {isa = PBXBuildFile; fileRef = CEE6630A1E512E1B00C9913A /* RecipeDetailsVC.swift */; };
		CEE6630D1E512E2600C9913A /* RecipeDetails.storyboard in Resources */ = {isa = PBXBuildFile; fileRef = CEE6630C1E512E2600C9913A /* RecipeDetails.storyboard */; };
		CEE663101E512E3F00C9913A /* RecipeDetailsRouter.swift in Sources */ = {isa = PBXBuildFile; fileRef = CEE6630F1E512E3F00C9913A /* RecipeDetailsRouter.swift */; };
/* End PBXBuildFile section */

/* Begin PBXContainerItemProxy section */
		CEE662B21E4D6DBC00C9913A /* PBXContainerItemProxy */ = {
			isa = PBXContainerItemProxy;
			containerPortal = CEE662951E4D6DBB00C9913A /* Project object */;
			proxyType = 1;
			remoteGlobalIDString = CEE6629C1E4D6DBC00C9913A;
			remoteInfo = "Mobile-case";
		};
/* End PBXContainerItemProxy section */

/* Begin PBXFileReference section */
		CE2BF9A11E514B0C002CF379 /* RecipeById.swift */ = {isa = PBXFileReference; fileEncoding = 4; lastKnownFileType = sourcecode.swift; path = RecipeById.swift; sourceTree = "<group>"; };
		CE2BF9A51E515A7D002CF379 /* RecipeDetailsPresenter.swift */ = {isa = PBXFileReference; fileEncoding = 4; lastKnownFileType = sourcecode.swift; path = RecipeDetailsPresenter.swift; sourceTree = "<group>"; };
		CE2BF9A71E515A9D002CF379 /* RecipeDetailsPresenterInput.swift */ = {isa = PBXFileReference; fileEncoding = 4; lastKnownFileType = sourcecode.swift; path = RecipeDetailsPresenterInput.swift; sourceTree = "<group>"; };
		CE4047871E515B3A00789F16 /* RecipeDetailsPresenterOutput.swift */ = {isa = PBXFileReference; fileEncoding = 4; lastKnownFileType = sourcecode.swift; path = RecipeDetailsPresenterOutput.swift; sourceTree = "<group>"; };
		CE4047891E515EE700789F16 /* RecipeDetailsInteractor.swift */ = {isa = PBXFileReference; fileEncoding = 4; lastKnownFileType = sourcecode.swift; path = RecipeDetailsInteractor.swift; sourceTree = "<group>"; };
		CE40478B1E515F0700789F16 /* RecipeDetailsInteractorInput.swift */ = {isa = PBXFileReference; fileEncoding = 4; lastKnownFileType = sourcecode.swift; path = RecipeDetailsInteractorInput.swift; sourceTree = "<group>"; };
		CE40478D1E515F3D00789F16 /* RecipeDetailsInteractorOutput.swift */ = {isa = PBXFileReference; fileEncoding = 4; lastKnownFileType = sourcecode.swift; path = RecipeDetailsInteractorOutput.swift; sourceTree = "<group>"; };
		CE40478F1E5165A100789F16 /* RecipeDetailsViewModel.swift */ = {isa = PBXFileReference; fileEncoding = 4; lastKnownFileType = sourcecode.swift; path = RecipeDetailsViewModel.swift; sourceTree = "<group>"; };
		CE4047931E517B8A00789F16 /* ConcurrentOperation.swift */ = {isa = PBXFileReference; fileEncoding = 4; lastKnownFileType = sourcecode.swift; path = ConcurrentOperation.swift; sourceTree = "<group>"; };
		CE4047951E517C1900789F16 /* DataOperation.swift */ = {isa = PBXFileReference; fileEncoding = 4; lastKnownFileType = sourcecode.swift; path = DataOperation.swift; sourceTree = "<group>"; };
		CEE6629D1E4D6DBC00C9913A /* Mobile-case.app */ = {isa = PBXFileReference; explicitFileType = wrapper.application; includeInIndex = 0; path = "Mobile-case.app"; sourceTree = BUILT_PRODUCTS_DIR; };
		CEE662A01E4D6DBC00C9913A /* AppDelegate.swift */ = {isa = PBXFileReference; lastKnownFileType = sourcecode.swift; path = AppDelegate.swift; sourceTree = "<group>"; };
		CEE662A71E4D6DBC00C9913A /* Assets.xcassets */ = {isa = PBXFileReference; lastKnownFileType = folder.assetcatalog; path = Assets.xcassets; sourceTree = "<group>"; };
		CEE662AA1E4D6DBC00C9913A /* Base */ = {isa = PBXFileReference; lastKnownFileType = file.storyboard; name = Base; path = Base.lproj/LaunchScreen.storyboard; sourceTree = "<group>"; };
		CEE662AC1E4D6DBC00C9913A /* Info.plist */ = {isa = PBXFileReference; lastKnownFileType = text.plist.xml; path = Info.plist; sourceTree = "<group>"; };
		CEE662B11E4D6DBC00C9913A /* Mobile-caseTests.xctest */ = {isa = PBXFileReference; explicitFileType = wrapper.cfbundle; includeInIndex = 0; path = "Mobile-caseTests.xctest"; sourceTree = BUILT_PRODUCTS_DIR; };
		CEE662B51E4D6DBC00C9913A /* Mobile_caseTests.swift */ = {isa = PBXFileReference; lastKnownFileType = sourcecode.swift; path = Mobile_caseTests.swift; sourceTree = "<group>"; };
		CEE662B71E4D6DBC00C9913A /* Info.plist */ = {isa = PBXFileReference; lastKnownFileType = text.plist.xml; path = Info.plist; sourceTree = "<group>"; };
		CEE662C91E4D729D00C9913A /* Navigatable.swift */ = {isa = PBXFileReference; fileEncoding = 4; lastKnownFileType = sourcecode.swift; path = Navigatable.swift; sourceTree = "<group>"; };
		CEE662CB1E4D72C000C9913A /* ViewControllerTypeProtocol.swift */ = {isa = PBXFileReference; fileEncoding = 4; lastKnownFileType = sourcecode.swift; path = ViewControllerTypeProtocol.swift; sourceTree = "<group>"; };
		CEE662CE1E4D730000C9913A /* RecipeSearchRouter.swift */ = {isa = PBXFileReference; fileEncoding = 4; lastKnownFileType = sourcecode.swift; path = RecipeSearchRouter.swift; sourceTree = "<group>"; };
		CEE662D01E4D73DB00C9913A /* RecipeSearch.storyboard */ = {isa = PBXFileReference; fileEncoding = 4; lastKnownFileType = file.storyboard; path = RecipeSearch.storyboard; sourceTree = "<group>"; };
		CEE662D21E4D73FE00C9913A /* RecipeSearchTVC.swift */ = {isa = PBXFileReference; fileEncoding = 4; lastKnownFileType = sourcecode.swift; path = RecipeSearchTVC.swift; sourceTree = "<group>"; };
		CEE662D41E4D744200C9913A /* StroyboardInstantiatable.swift */ = {isa = PBXFileReference; fileEncoding = 4; lastKnownFileType = sourcecode.swift; path = StroyboardInstantiatable.swift; sourceTree = "<group>"; };
		CEE662D81E4D7B5100C9913A /* RecipeSearchPresenter.swift */ = {isa = PBXFileReference; fileEncoding = 4; lastKnownFileType = sourcecode.swift; path = RecipeSearchPresenter.swift; sourceTree = "<group>"; };
		CEE662DB1E4D7B6500C9913A /* RecipeSearchInteractor.swift */ = {isa = PBXFileReference; fileEncoding = 4; lastKnownFileType = sourcecode.swift; path = RecipeSearchInteractor.swift; sourceTree = "<group>"; };
		CEE662DD1E4D7BD000C9913A /* RecipeSearchPresenterInput.swift */ = {isa = PBXFileReference; fileEncoding = 4; lastKnownFileType = sourcecode.swift; path = RecipeSearchPresenterInput.swift; sourceTree = "<group>"; };
		CEE662E01E4D90CD00C9913A /* RecipeSearchInteractorInput.swift */ = {isa = PBXFileReference; fileEncoding = 4; lastKnownFileType = sourcecode.swift; path = RecipeSearchInteractorInput.swift; sourceTree = "<group>"; };
		CEE662E21E4D918600C9913A /* RecipeSearchInteractorOutput.swift */ = {isa = PBXFileReference; fileEncoding = 4; lastKnownFileType = sourcecode.swift; path = RecipeSearchInteractorOutput.swift; sourceTree = "<group>"; };
		CEE662E61E4D940900C9913A /* URLs.swift */ = {isa = PBXFileReference; fileEncoding = 4; lastKnownFileType = sourcecode.swift; path = URLs.swift; sourceTree = "<group>"; };
		CEE662E81E4D941200C9913A /* URLProvider.swift */ = {isa = PBXFileReference; fileEncoding = 4; lastKnownFileType = sourcecode.swift; path = URLProvider.swift; sourceTree = "<group>"; };
		CEE662EA1E4D94E400C9913A /* URLBuilder.swift */ = {isa = PBXFileReference; fileEncoding = 4; lastKnownFileType = sourcecode.swift; path = URLBuilder.swift; sourceTree = "<group>"; };
		CEE662ED1E4D9D7C00C9913A /* NetworkManager.swift */ = {isa = PBXFileReference; fileEncoding = 4; lastKnownFileType = sourcecode.swift; path = NetworkManager.swift; sourceTree = "<group>"; };
		CEE662F01E4DA25A00C9913A /* URLSessionMock.swift */ = {isa = PBXFileReference; fileEncoding = 4; lastKnownFileType = sourcecode.swift; path = URLSessionMock.swift; sourceTree = "<group>"; };
		CEE662F21E4DAD6900C9913A /* NetworkError.swift */ = {isa = PBXFileReference; fileEncoding = 4; lastKnownFileType = sourcecode.swift; path = NetworkError.swift; sourceTree = "<group>"; };
		CEE662F41E4DB13B00C9913A /* RecipeService.swift */ = {isa = PBXFileReference; fileEncoding = 4; lastKnownFileType = sourcecode.swift; path = RecipeService.swift; sourceTree = "<group>"; };
		CEE662FB1E50099500C9913A /* Recipe.swift */ = {isa = PBXFileReference; fileEncoding = 4; lastKnownFileType = sourcecode.swift; path = Recipe.swift; sourceTree = "<group>"; };
		CEE662FD1E500A9700C9913A /* JSONCreatable.swift */ = {isa = PBXFileReference; fileEncoding = 4; lastKnownFileType = sourcecode.swift; path = JSONCreatable.swift; sourceTree = "<group>"; };
		CEE662FF1E500B3300C9913A /* SerializationError.swift */ = {isa = PBXFileReference; fileEncoding = 4; lastKnownFileType = sourcecode.swift; path = SerializationError.swift; sourceTree = "<group>"; };
		CEE663031E500D3100C9913A /* Page.swift */ = {isa = PBXFileReference; fileEncoding = 4; lastKnownFileType = sourcecode.swift; path = Page.swift; sourceTree = "<group>"; };
		CEE663051E500E2300C9913A /* Resourse.swift */ = {isa = PBXFileReference; fileEncoding = 4; lastKnownFileType = sourcecode.swift; path = Resourse.swift; sourceTree = "<group>"; };
		CEE663071E5016CE00C9913A /* RecipeSearchPresenterOutput.swift */ = {isa = PBXFileReference; fileEncoding = 4; lastKnownFileType = sourcecode.swift; path = RecipeSearchPresenterOutput.swift; sourceTree = "<group>"; };
		CEE6630A1E512E1B00C9913A /* RecipeDetailsVC.swift */ = {isa = PBXFileReference; fileEncoding = 4; lastKnownFileType = sourcecode.swift; path = RecipeDetailsVC.swift; sourceTree = "<group>"; };
		CEE6630C1E512E2600C9913A /* RecipeDetails.storyboard */ = {isa = PBXFileReference; fileEncoding = 4; lastKnownFileType = file.storyboard; path = RecipeDetails.storyboard; sourceTree = "<group>"; };
		CEE6630F1E512E3F00C9913A /* RecipeDetailsRouter.swift */ = {isa = PBXFileReference; fileEncoding = 4; lastKnownFileType = sourcecode.swift; path = RecipeDetailsRouter.swift; sourceTree = "<group>"; };
/* End PBXFileReference section */

/* Begin PBXFrameworksBuildPhase section */
		CEE6629A1E4D6DBC00C9913A /* Frameworks */ = {
			isa = PBXFrameworksBuildPhase;
			buildActionMask = 2147483647;
			files = (
			);
			runOnlyForDeploymentPostprocessing = 0;
		};
		CEE662AE1E4D6DBC00C9913A /* Frameworks */ = {
			isa = PBXFrameworksBuildPhase;
			buildActionMask = 2147483647;
			files = (
			);
			runOnlyForDeploymentPostprocessing = 0;
		};
/* End PBXFrameworksBuildPhase section */

/* Begin PBXGroup section */
		CE2BF9A31E515A37002CF379 /* Presenter */ = {
			isa = PBXGroup;
			children = (
				CE2BF9A51E515A7D002CF379 /* RecipeDetailsPresenter.swift */,
				CE2BF9A71E515A9D002CF379 /* RecipeDetailsPresenterInput.swift */,
				CE4047871E515B3A00789F16 /* RecipeDetailsPresenterOutput.swift */,
			);
			name = Presenter;
			sourceTree = "<group>";
		};
		CE2BF9A41E515A3F002CF379 /* Interactor */ = {
			isa = PBXGroup;
			children = (
				CE4047891E515EE700789F16 /* RecipeDetailsInteractor.swift */,
				CE40478B1E515F0700789F16 /* RecipeDetailsInteractorInput.swift */,
				CE40478D1E515F3D00789F16 /* RecipeDetailsInteractorOutput.swift */,
			);
			name = Interactor;
			sourceTree = "<group>";
		};
		CE4047911E5165A700789F16 /* ViewModel */ = {
			isa = PBXGroup;
			children = (
				CE40478F1E5165A100789F16 /* RecipeDetailsViewModel.swift */,
			);
			name = ViewModel;
			sourceTree = "<group>";
		};
		CE4047921E517B3600789F16 /* Operations */ = {
			isa = PBXGroup;
			children = (
				CE4047931E517B8A00789F16 /* ConcurrentOperation.swift */,
				CE4047951E517C1900789F16 /* DataOperation.swift */,
			);
			name = Operations;
			sourceTree = "<group>";
		};
		CEE662941E4D6DBB00C9913A = {
			isa = PBXGroup;
			children = (
				CEE6629F1E4D6DBC00C9913A /* Mobile-case */,
				CEE662B41E4D6DBC00C9913A /* Mobile-caseTests */,
				CEE6629E1E4D6DBC00C9913A /* Products */,
			);
			sourceTree = "<group>";
		};
		CEE6629E1E4D6DBC00C9913A /* Products */ = {
			isa = PBXGroup;
			children = (
				CEE6629D1E4D6DBC00C9913A /* Mobile-case.app */,
				CEE662B11E4D6DBC00C9913A /* Mobile-caseTests.xctest */,
			);
			name = Products;
			sourceTree = "<group>";
		};
		CEE6629F1E4D6DBC00C9913A /* Mobile-case */ = {
			isa = PBXGroup;
			children = (
				CEE662C71E4D727800C9913A /* Common */,
				CEE662D61E4D74B900C9913A /* Application */,
				CEE662C01E4D6E8900C9913A /* Modules */,
				CEE662FA1E50097000C9913A /* Model */,
				CEE662A71E4D6DBC00C9913A /* Assets.xcassets */,
				CEE662A91E4D6DBC00C9913A /* LaunchScreen.storyboard */,
				CEE662AC1E4D6DBC00C9913A /* Info.plist */,
			);
			path = "Mobile-case";
			sourceTree = "<group>";
		};
		CEE662B41E4D6DBC00C9913A /* Mobile-caseTests */ = {
			isa = PBXGroup;
			children = (
				CEE662EF1E4DA22800C9913A /* Mock */,
				CEE662B51E4D6DBC00C9913A /* Mobile_caseTests.swift */,
				CEE662B71E4D6DBC00C9913A /* Info.plist */,
			);
			path = "Mobile-caseTests";
			sourceTree = "<group>";
		};
		CEE662C01E4D6E8900C9913A /* Modules */ = {
			isa = PBXGroup;
			children = (
				CEE662C11E4D71E200C9913A /* RecipeSearch */,
				CEE662C21E4D720800C9913A /* RecipeDetails */,
			);
			name = Modules;
			sourceTree = "<group>";
		};
		CEE662C11E4D71E200C9913A /* RecipeSearch */ = {
			isa = PBXGroup;
			children = (
				CEE662C61E4D722C00C9913A /* Router */,
				CEE662C31E4D721500C9913A /* Interactor */,
				CEE662C41E4D721C00C9913A /* Presenter */,
				CEE662C51E4D722100C9913A /* View */,
			);
			name = RecipeSearch;
			sourceTree = "<group>";
		};
		CEE662C21E4D720800C9913A /* RecipeDetails */ = {
			isa = PBXGroup;
			children = (
				CEE6630E1E512E2C00C9913A /* Router */,
				CE2BF9A41E515A3F002CF379 /* Interactor */,
				CE2BF9A31E515A37002CF379 /* Presenter */,
				CEE663091E512DB500C9913A /* View */,
			);
			name = RecipeDetails;
			sourceTree = "<group>";
		};
		CEE662C31E4D721500C9913A /* Interactor */ = {
			isa = PBXGroup;
			children = (
				CEE662DB1E4D7B6500C9913A /* RecipeSearchInteractor.swift */,
				CEE662E01E4D90CD00C9913A /* RecipeSearchInteractorInput.swift */,
				CEE662E21E4D918600C9913A /* RecipeSearchInteractorOutput.swift */,
			);
			name = Interactor;
			sourceTree = "<group>";
		};
		CEE662C41E4D721C00C9913A /* Presenter */ = {
			isa = PBXGroup;
			children = (
				CEE662D81E4D7B5100C9913A /* RecipeSearchPresenter.swift */,
				CEE662DD1E4D7BD000C9913A /* RecipeSearchPresenterInput.swift */,
				CEE663071E5016CE00C9913A /* RecipeSearchPresenterOutput.swift */,
			);
			name = Presenter;
			sourceTree = "<group>";
		};
		CEE662C51E4D722100C9913A /* View */ = {
			isa = PBXGroup;
			children = (
				CEE662D01E4D73DB00C9913A /* RecipeSearch.storyboard */,
				CEE662D21E4D73FE00C9913A /* RecipeSearchTVC.swift */,
			);
			name = View;
			sourceTree = "<group>";
		};
		CEE662C61E4D722C00C9913A /* Router */ = {
			isa = PBXGroup;
			children = (
				CEE662CE1E4D730000C9913A /* RecipeSearchRouter.swift */,
			);
			name = Router;
			sourceTree = "<group>";
		};
		CEE662C71E4D727800C9913A /* Common */ = {
			isa = PBXGroup;
			children = (
				CE4047921E517B3600789F16 /* Operations */,
				CEE662E41E4D93ED00C9913A /* Services */,
				CEE662C81E4D727F00C9913A /* RouterProtocols */,
			);
			name = Common;
			sourceTree = "<group>";
		};
		CEE662C81E4D727F00C9913A /* RouterProtocols */ = {
			isa = PBXGroup;
			children = (
				CEE662CB1E4D72C000C9913A /* ViewControllerTypeProtocol.swift */,
				CEE662C91E4D729D00C9913A /* Navigatable.swift */,
				CEE662D41E4D744200C9913A /* StroyboardInstantiatable.swift */,
			);
			name = RouterProtocols;
			sourceTree = "<group>";
		};
		CEE662D61E4D74B900C9913A /* Application */ = {
			isa = PBXGroup;
			children = (
				CEE662A01E4D6DBC00C9913A /* AppDelegate.swift */,
			);
			name = Application;
			sourceTree = "<group>";
		};
		CEE662E41E4D93ED00C9913A /* Services */ = {
			isa = PBXGroup;
			children = (
				CEE662EC1E4D9AE300C9913A /* API */,
				CEE662E51E4D93FE00C9913A /* URL */,
			);
			name = Services;
			sourceTree = "<group>";
		};
		CEE662E51E4D93FE00C9913A /* URL */ = {
			isa = PBXGroup;
			children = (
				CEE662EA1E4D94E400C9913A /* URLBuilder.swift */,
				CEE662E81E4D941200C9913A /* URLProvider.swift */,
				CEE662E61E4D940900C9913A /* URLs.swift */,
			);
			name = URL;
			sourceTree = "<group>";
		};
		CEE662EC1E4D9AE300C9913A /* API */ = {
			isa = PBXGroup;
			children = (
				CEE662F61E4DB14A00C9913A /* Errors */,
				CEE662ED1E4D9D7C00C9913A /* NetworkManager.swift */,
				CEE662F41E4DB13B00C9913A /* RecipeService.swift */,
			);
			name = API;
			sourceTree = "<group>";
		};
		CEE662EF1E4DA22800C9913A /* Mock */ = {
			isa = PBXGroup;
			children = (
				CEE662F01E4DA25A00C9913A /* URLSessionMock.swift */,
			);
			name = Mock;
			sourceTree = "<group>";
		};
		CEE662F61E4DB14A00C9913A /* Errors */ = {
			isa = PBXGroup;
			children = (
				CEE662F21E4DAD6900C9913A /* NetworkError.swift */,
			);
			name = Errors;
			sourceTree = "<group>";
		};
		CEE662FA1E50097000C9913A /* Model */ = {
			isa = PBXGroup;
			children = (
				CEE663021E500B7D00C9913A /* Protocols */,
				CEE663011E500B6F00C9913A /* Errors */,
				CEE662FB1E50099500C9913A /* Recipe.swift */,
				CEE663031E500D3100C9913A /* Page.swift */,
				CEE663051E500E2300C9913A /* Resourse.swift */,
				CE2BF9A11E514B0C002CF379 /* RecipeById.swift */,
			);
			name = Model;
			sourceTree = "<group>";
		};
		CEE663011E500B6F00C9913A /* Errors */ = {
			isa = PBXGroup;
			children = (
				CEE662FF1E500B3300C9913A /* SerializationError.swift */,
			);
			name = Errors;
			sourceTree = "<group>";
		};
		CEE663021E500B7D00C9913A /* Protocols */ = {
			isa = PBXGroup;
			children = (
				CEE662FD1E500A9700C9913A /* JSONCreatable.swift */,
			);
			name = Protocols;
			sourceTree = "<group>";
		};
		CEE663091E512DB500C9913A /* View */ = {
			isa = PBXGroup;
			children = (
				CE4047911E5165A700789F16 /* ViewModel */,
				CEE6630A1E512E1B00C9913A /* RecipeDetailsVC.swift */,
				CEE6630C1E512E2600C9913A /* RecipeDetails.storyboard */,
			);
			name = View;
			sourceTree = "<group>";
		};
		CEE6630E1E512E2C00C9913A /* Router */ = {
			isa = PBXGroup;
			children = (
				CEE6630F1E512E3F00C9913A /* RecipeDetailsRouter.swift */,
			);
			name = Router;
			sourceTree = "<group>";
		};
/* End PBXGroup section */

/* Begin PBXNativeTarget section */
		CEE6629C1E4D6DBC00C9913A /* Mobile-case */ = {
			isa = PBXNativeTarget;
			buildConfigurationList = CEE662BA1E4D6DBC00C9913A /* Build configuration list for PBXNativeTarget "Mobile-case" */;
			buildPhases = (
				CEE662991E4D6DBC00C9913A /* Sources */,
				CEE6629A1E4D6DBC00C9913A /* Frameworks */,
				CEE6629B1E4D6DBC00C9913A /* Resources */,
			);
			buildRules = (
			);
			dependencies = (
			);
			name = "Mobile-case";
			productName = "Mobile-case";
			productReference = CEE6629D1E4D6DBC00C9913A /* Mobile-case.app */;
			productType = "com.apple.product-type.application";
		};
		CEE662B01E4D6DBC00C9913A /* Mobile-caseTests */ = {
			isa = PBXNativeTarget;
			buildConfigurationList = CEE662BD1E4D6DBC00C9913A /* Build configuration list for PBXNativeTarget "Mobile-caseTests" */;
			buildPhases = (
				CEE662AD1E4D6DBC00C9913A /* Sources */,
				CEE662AE1E4D6DBC00C9913A /* Frameworks */,
				CEE662AF1E4D6DBC00C9913A /* Resources */,
			);
			buildRules = (
			);
			dependencies = (
				CEE662B31E4D6DBC00C9913A /* PBXTargetDependency */,
			);
			name = "Mobile-caseTests";
			productName = "Mobile-caseTests";
			productReference = CEE662B11E4D6DBC00C9913A /* Mobile-caseTests.xctest */;
			productType = "com.apple.product-type.bundle.unit-test";
		};
/* End PBXNativeTarget section */

/* Begin PBXProject section */
		CEE662951E4D6DBB00C9913A /* Project object */ = {
			isa = PBXProject;
			attributes = {
				LastSwiftUpdateCheck = 0820;
				LastUpgradeCheck = 0910;
				ORGANIZATIONNAME = test;
				TargetAttributes = {
					CEE6629C1E4D6DBC00C9913A = {
						CreatedOnToolsVersion = 8.2.1;
						LastSwiftMigration = 0910;
						ProvisioningStyle = Automatic;
					};
					CEE662B01E4D6DBC00C9913A = {
						CreatedOnToolsVersion = 8.2.1;
						LastSwiftMigration = 0910;
						ProvisioningStyle = Automatic;
						TestTargetID = CEE6629C1E4D6DBC00C9913A;
					};
				};
			};
			buildConfigurationList = CEE662981E4D6DBB00C9913A /* Build configuration list for PBXProject "Mobile-case" */;
			compatibilityVersion = "Xcode 3.2";
			developmentRegion = English;
			hasScannedForEncodings = 0;
			knownRegions = (
				en,
				Base,
			);
			mainGroup = CEE662941E4D6DBB00C9913A;
			productRefGroup = CEE6629E1E4D6DBC00C9913A /* Products */;
			projectDirPath = "";
			projectRoot = "";
			targets = (
				CEE6629C1E4D6DBC00C9913A /* Mobile-case */,
				CEE662B01E4D6DBC00C9913A /* Mobile-caseTests */,
			);
		};
/* End PBXProject section */

/* Begin PBXResourcesBuildPhase section */
		CEE6629B1E4D6DBC00C9913A /* Resources */ = {
			isa = PBXResourcesBuildPhase;
			buildActionMask = 2147483647;
			files = (
				CEE6630D1E512E2600C9913A /* RecipeDetails.storyboard in Resources */,
				CEE662D11E4D73DB00C9913A /* RecipeSearch.storyboard in Resources */,
				CEE662AB1E4D6DBC00C9913A /* LaunchScreen.storyboard in Resources */,
				CEE662A81E4D6DBC00C9913A /* Assets.xcassets in Resources */,
			);
			runOnlyForDeploymentPostprocessing = 0;
		};
		CEE662AF1E4D6DBC00C9913A /* Resources */ = {
			isa = PBXResourcesBuildPhase;
			buildActionMask = 2147483647;
			files = (
			);
			runOnlyForDeploymentPostprocessing = 0;
		};
/* End PBXResourcesBuildPhase section */

/* Begin PBXSourcesBuildPhase section */
		CEE662991E4D6DBC00C9913A /* Sources */ = {
			isa = PBXSourcesBuildPhase;
			buildActionMask = 2147483647;
			files = (
				CE4047881E515B3A00789F16 /* RecipeDetailsPresenterOutput.swift in Sources */,
				CEE662F31E4DAD6900C9913A /* NetworkError.swift in Sources */,
				CEE662E91E4D941200C9913A /* URLProvider.swift in Sources */,
				CEE662DC1E4D7B6500C9913A /* RecipeSearchInteractor.swift in Sources */,
				CEE662E71E4D940900C9913A /* URLs.swift in Sources */,
				CEE662CF1E4D730000C9913A /* RecipeSearchRouter.swift in Sources */,
				CEE662EE1E4D9D7C00C9913A /* NetworkManager.swift in Sources */,
				CEE663041E500D3100C9913A /* Page.swift in Sources */,
				CEE662CC1E4D72C000C9913A /* ViewControllerTypeProtocol.swift in Sources */,
				CEE662EB1E4D94E400C9913A /* URLBuilder.swift in Sources */,
				CE2BF9A61E515A7D002CF379 /* RecipeDetailsPresenter.swift in Sources */,
				CE40478A1E515EE700789F16 /* RecipeDetailsInteractor.swift in Sources */,
				CEE663081E5016CE00C9913A /* RecipeSearchPresenterOutput.swift in Sources */,
				CEE662D31E4D73FE00C9913A /* RecipeSearchTVC.swift in Sources */,
				CEE662D91E4D7B5100C9913A /* RecipeSearchPresenter.swift in Sources */,
				CEE662A11E4D6DBC00C9913A /* AppDelegate.swift in Sources */,
				CE4047941E517B8A00789F16 /* ConcurrentOperation.swift in Sources */,
				CEE662E31E4D918600C9913A /* RecipeSearchInteractorOutput.swift in Sources */,
				CEE662F51E4DB13B00C9913A /* RecipeService.swift in Sources */,
				CE40478E1E515F3D00789F16 /* RecipeDetailsInteractorOutput.swift in Sources */,
				CE4047961E517C1900789F16 /* DataOperation.swift in Sources */,
				CEE662D51E4D744200C9913A /* StroyboardInstantiatable.swift in Sources */,
				CEE662FE1E500A9700C9913A /* JSONCreatable.swift in Sources */,
				CEE662E11E4D90CD00C9913A /* RecipeSearchInteractorInput.swift in Sources */,
				CE2BF9A21E514B0C002CF379 /* RecipeById.swift in Sources */,
				CEE662FC1E50099500C9913A /* Recipe.swift in Sources */,
				CE4047901E5165A100789F16 /* RecipeDetailsViewModel.swift in Sources */,
				CEE663001E500B3300C9913A /* SerializationError.swift in Sources */,
				CEE663101E512E3F00C9913A /* RecipeDetailsRouter.swift in Sources */,
				CEE662DE1E4D7BD000C9913A /* RecipeSearchPresenterInput.swift in Sources */,
				CEE663061E500E2400C9913A /* Resourse.swift in Sources */,
				CEE6630B1E512E1B00C9913A /* RecipeDetailsVC.swift in Sources */,
				CE2BF9A81E515A9D002CF379 /* RecipeDetailsPresenterInput.swift in Sources */,
				CE40478C1E515F0700789F16 /* RecipeDetailsInteractorInput.swift in Sources */,
				CEE662CA1E4D729D00C9913A /* Navigatable.swift in Sources */,
			);
			runOnlyForDeploymentPostprocessing = 0;
		};
		CEE662AD1E4D6DBC00C9913A /* Sources */ = {
			isa = PBXSourcesBuildPhase;
			buildActionMask = 2147483647;
			files = (
				CEE662F11E4DA25A00C9913A /* URLSessionMock.swift in Sources */,
				CEE662B61E4D6DBC00C9913A /* Mobile_caseTests.swift in Sources */,
			);
			runOnlyForDeploymentPostprocessing = 0;
		};
/* End PBXSourcesBuildPhase section */

/* Begin PBXTargetDependency section */
		CEE662B31E4D6DBC00C9913A /* PBXTargetDependency */ = {
			isa = PBXTargetDependency;
			target = CEE6629C1E4D6DBC00C9913A /* Mobile-case */;
			targetProxy = CEE662B21E4D6DBC00C9913A /* PBXContainerItemProxy */;
		};
/* End PBXTargetDependency section */

/* Begin PBXVariantGroup section */
		CEE662A91E4D6DBC00C9913A /* LaunchScreen.storyboard */ = {
			isa = PBXVariantGroup;
			children = (
				CEE662AA1E4D6DBC00C9913A /* Base */,
			);
			name = LaunchScreen.storyboard;
			sourceTree = "<group>";
		};
/* End PBXVariantGroup section */

/* Begin XCBuildConfiguration section */
		CEE662B81E4D6DBC00C9913A /* Debug */ = {
			isa = XCBuildConfiguration;
			buildSettings = {
				ALWAYS_SEARCH_USER_PATHS = NO;
				CLANG_ANALYZER_NONNULL = YES;
				CLANG_CXX_LANGUAGE_STANDARD = "gnu++0x";
				CLANG_CXX_LIBRARY = "libc++";
				CLANG_ENABLE_MODULES = YES;
				CLANG_ENABLE_OBJC_ARC = YES;
				CLANG_WARN_BLOCK_CAPTURE_AUTORELEASING = YES;
				CLANG_WARN_BOOL_CONVERSION = YES;
				CLANG_WARN_COMMA = YES;
				CLANG_WARN_CONSTANT_CONVERSION = YES;
				CLANG_WARN_DIRECT_OBJC_ISA_USAGE = YES_ERROR;
				CLANG_WARN_DOCUMENTATION_COMMENTS = YES;
				CLANG_WARN_EMPTY_BODY = YES;
				CLANG_WARN_ENUM_CONVERSION = YES;
				CLANG_WARN_INFINITE_RECURSION = YES;
				CLANG_WARN_INT_CONVERSION = YES;
				CLANG_WARN_NON_LITERAL_NULL_CONVERSION = YES;
				CLANG_WARN_OBJC_LITERAL_CONVERSION = YES;
				CLANG_WARN_OBJC_ROOT_CLASS = YES_ERROR;
				CLANG_WARN_RANGE_LOOP_ANALYSIS = YES;
				CLANG_WARN_STRICT_PROTOTYPES = YES;
				CLANG_WARN_SUSPICIOUS_MOVE = YES;
				CLANG_WARN_UNREACHABLE_CODE = YES;
				CLANG_WARN__DUPLICATE_METHOD_MATCH = YES;
				"CODE_SIGN_IDENTITY[sdk=iphoneos*]" = "iPhone Developer";
				COPY_PHASE_STRIP = NO;
				DEBUG_INFORMATION_FORMAT = dwarf;
				ENABLE_STRICT_OBJC_MSGSEND = YES;
				ENABLE_TESTABILITY = YES;
				GCC_C_LANGUAGE_STANDARD = gnu99;
				GCC_DYNAMIC_NO_PIC = NO;
				GCC_NO_COMMON_BLOCKS = YES;
				GCC_OPTIMIZATION_LEVEL = 0;
				GCC_PREPROCESSOR_DEFINITIONS = (
					"DEBUG=1",
					"$(inherited)",
				);
				GCC_WARN_64_TO_32_BIT_CONVERSION = YES;
				GCC_WARN_ABOUT_RETURN_TYPE = YES_ERROR;
				GCC_WARN_UNDECLARED_SELECTOR = YES;
				GCC_WARN_UNINITIALIZED_AUTOS = YES_AGGRESSIVE;
				GCC_WARN_UNUSED_FUNCTION = YES;
				GCC_WARN_UNUSED_VARIABLE = YES;
				IPHONEOS_DEPLOYMENT_TARGET = 10.2;
				MTL_ENABLE_DEBUG_INFO = YES;
				ONLY_ACTIVE_ARCH = YES;
				SDKROOT = iphoneos;
				SWIFT_ACTIVE_COMPILATION_CONDITIONS = DEBUG;
				SWIFT_OPTIMIZATION_LEVEL = "-Onone";
			};
			name = Debug;
		};
		CEE662B91E4D6DBC00C9913A /* Release */ = {
			isa = XCBuildConfiguration;
			buildSettings = {
				ALWAYS_SEARCH_USER_PATHS = NO;
				CLANG_ANALYZER_NONNULL = YES;
				CLANG_CXX_LANGUAGE_STANDARD = "gnu++0x";
				CLANG_CXX_LIBRARY = "libc++";
				CLANG_ENABLE_MODULES = YES;
				CLANG_ENABLE_OBJC_ARC = YES;
				CLANG_WARN_BLOCK_CAPTURE_AUTORELEASING = YES;
				CLANG_WARN_BOOL_CONVERSION = YES;
				CLANG_WARN_COMMA = YES;
				CLANG_WARN_CONSTANT_CONVERSION = YES;
				CLANG_WARN_DIRECT_OBJC_ISA_USAGE = YES_ERROR;
				CLANG_WARN_DOCUMENTATION_COMMENTS = YES;
				CLANG_WARN_EMPTY_BODY = YES;
				CLANG_WARN_ENUM_CONVERSION = YES;
				CLANG_WARN_INFINITE_RECURSION = YES;
				CLANG_WARN_INT_CONVERSION = YES;
				CLANG_WARN_NON_LITERAL_NULL_CONVERSION = YES;
				CLANG_WARN_OBJC_LITERAL_CONVERSION = YES;
				CLANG_WARN_OBJC_ROOT_CLASS = YES_ERROR;
				CLANG_WARN_RANGE_LOOP_ANALYSIS = YES;
				CLANG_WARN_STRICT_PROTOTYPES = YES;
				CLANG_WARN_SUSPICIOUS_MOVE = YES;
				CLANG_WARN_UNREACHABLE_CODE = YES;
				CLANG_WARN__DUPLICATE_METHOD_MATCH = YES;
				"CODE_SIGN_IDENTITY[sdk=iphoneos*]" = "iPhone Developer";
				COPY_PHASE_STRIP = NO;
				DEBUG_INFORMATION_FORMAT = "dwarf-with-dsym";
				ENABLE_NS_ASSERTIONS = NO;
				ENABLE_STRICT_OBJC_MSGSEND = YES;
				GCC_C_LANGUAGE_STANDARD = gnu99;
				GCC_NO_COMMON_BLOCKS = YES;
				GCC_WARN_64_TO_32_BIT_CONVERSION = YES;
				GCC_WARN_ABOUT_RETURN_TYPE = YES_ERROR;
				GCC_WARN_UNDECLARED_SELECTOR = YES;
				GCC_WARN_UNINITIALIZED_AUTOS = YES_AGGRESSIVE;
				GCC_WARN_UNUSED_FUNCTION = YES;
				GCC_WARN_UNUSED_VARIABLE = YES;
				IPHONEOS_DEPLOYMENT_TARGET = 10.2;
				MTL_ENABLE_DEBUG_INFO = NO;
				SDKROOT = iphoneos;
				SWIFT_OPTIMIZATION_LEVEL = "-Owholemodule";
				VALIDATE_PRODUCT = YES;
			};
			name = Release;
		};
		CEE662BB1E4D6DBC00C9913A /* Debug */ = {
			isa = XCBuildConfiguration;
			buildSettings = {
				ASSETCATALOG_COMPILER_APPICON_NAME = AppIcon;
				INFOPLIST_FILE = "Mobile-case/Info.plist";
				IPHONEOS_DEPLOYMENT_TARGET = 9.0;
				LD_RUNPATH_SEARCH_PATHS = "$(inherited) @executable_path/Frameworks";
				OTHER_SWIFT_FLAGS = "";
				PRODUCT_BUNDLE_IDENTIFIER = "com.test.Mobile-case";
				PRODUCT_NAME = "$(TARGET_NAME)";
				SWIFT_SWIFT3_OBJC_INFERENCE = On;
				SWIFT_VERSION = 4.0;
			};
			name = Debug;
		};
		CEE662BC1E4D6DBC00C9913A /* Release */ = {
			isa = XCBuildConfiguration;
			buildSettings = {
				ASSETCATALOG_COMPILER_APPICON_NAME = AppIcon;
				INFOPLIST_FILE = "Mobile-case/Info.plist";
				IPHONEOS_DEPLOYMENT_TARGET = 9.0;
				LD_RUNPATH_SEARCH_PATHS = "$(inherited) @executable_path/Frameworks";
				OTHER_SWIFT_FLAGS = "-DRELEASE";
				PRODUCT_BUNDLE_IDENTIFIER = "com.test.Mobile-case";
				PRODUCT_NAME = "$(TARGET_NAME)";
				SWIFT_SWIFT3_OBJC_INFERENCE = On;
				SWIFT_VERSION = 4.0;
			};
			name = Release;
		};
		CEE662BE1E4D6DBC00C9913A /* Debug */ = {
			isa = XCBuildConfiguration;
			buildSettings = {
				ALWAYS_EMBED_SWIFT_STANDARD_LIBRARIES = YES;
				BUNDLE_LOADER = "$(TEST_HOST)";
				INFOPLIST_FILE = "Mobile-caseTests/Info.plist";
				LD_RUNPATH_SEARCH_PATHS = "$(inherited) @executable_path/Frameworks @loader_path/Frameworks";
				PRODUCT_BUNDLE_IDENTIFIER = "com.test.Mobile-caseTests";
				PRODUCT_NAME = "$(TARGET_NAME)";
				SWIFT_SWIFT3_OBJC_INFERENCE = On;
				SWIFT_VERSION = 4.0;
				TEST_HOST = "$(BUILT_PRODUCTS_DIR)/Mobile-case.app/Mobile-case";
			};
			name = Debug;
		};
		CEE662BF1E4D6DBC00C9913A /* Release */ = {
			isa = XCBuildConfiguration;
			buildSettings = {
				ALWAYS_EMBED_SWIFT_STANDARD_LIBRARIES = YES;
				BUNDLE_LOADER = "$(TEST_HOST)";
				INFOPLIST_FILE = "Mobile-caseTests/Info.plist";
				LD_RUNPATH_SEARCH_PATHS = "$(inherited) @executable_path/Frameworks @loader_path/Frameworks";
				PRODUCT_BUNDLE_IDENTIFIER = "com.test.Mobile-caseTests";
				PRODUCT_NAME = "$(TARGET_NAME)";
				SWIFT_SWIFT3_OBJC_INFERENCE = On;
				SWIFT_VERSION = 4.0;
				TEST_HOST = "$(BUILT_PRODUCTS_DIR)/Mobile-case.app/Mobile-case";
			};
			name = Release;
		};
/* End XCBuildConfiguration section */

/* Begin XCConfigurationList section */
		CEE662981E4D6DBB00C9913A /* Build configuration list for PBXProject "Mobile-case" */ = {
			isa = XCConfigurationList;
			buildConfigurations = (
				CEE662B81E4D6DBC00C9913A /* Debug */,
				CEE662B91E4D6DBC00C9913A /* Release */,
			);
			defaultConfigurationIsVisible = 0;
			defaultConfigurationName = Release;
		};
		CEE662BA1E4D6DBC00C9913A /* Build configuration list for PBXNativeTarget "Mobile-case" */ = {
			isa = XCConfigurationList;
			buildConfigurations = (
				CEE662BB1E4D6DBC00C9913A /* Debug */,
				CEE662BC1E4D6DBC00C9913A /* Release */,
			);
			defaultConfigurationIsVisible = 0;
			defaultConfigurationName = Release;
		};
		CEE662BD1E4D6DBC00C9913A /* Build configuration list for PBXNativeTarget "Mobile-caseTests" */ = {
			isa = XCConfigurationList;
			buildConfigurations = (
				CEE662BE1E4D6DBC00C9913A /* Debug */,
				CEE662BF1E4D6DBC00C9913A /* Release */,
			);
			defaultConfigurationIsVisible = 0;
			defaultConfigurationName = Release;
		};
/* End XCConfigurationList section */
	};
	rootObject = CEE662951E4D6DBB00C9913A /* Project object */;
}
